
Microsoft Visual Studio Solution File, Format Version 11.00
# Visual Studio 2010
Project("{FAE04EC0-301F-11D3-BF4B-00C04F79EFBC}") = "SynchronusSoftware", "SynchronusSoftware\SynchronusSoftware.csproj", "{C5B3827B-D1C7-432A-AC46-08DB638ED2FE}"
EndProject
Project("{FAE04EC0-301F-11D3-BF4B-00C04F79EFBC}") = "SychronusClass", "SychronusClass\SychronusClass.csproj", "{2911A362-E660-4668-9674-1DD1E1EE44DA}"
EndProject
Global
	GlobalSection(SolutionConfigurationPlatforms) = preSolution
		Debug|Any CPU = Debug|Any CPU
		Debug|Mixed Platforms = Debug|Mixed Platforms
		Debug|x86 = Debug|x86
		Release|Any CPU = Release|Any CPU
		Release|Mixed Platforms = Release|Mixed Platforms
		Release|x86 = Release|x86
	EndGlobalSection
	GlobalSection(ProjectConfigurationPlatforms) = postSolution
		{C5B3827B-D1C7-432A-AC46-08DB638ED2FE}.Debug|Any CPU.ActiveCfg = Debug|x86
		{C5B3827B-D1C7-432A-AC46-08DB638ED2FE}.Debug|Mixed Platforms.ActiveCfg = Debug|x86
		{C5B3827B-D1C7-432A-AC46-08DB638ED2FE}.Debug|Mixed Platforms.Build.0 = Debug|x86
		{C5B3827B-D1C7-432A-AC46-08DB638ED2FE}.Debug|x86.ActiveCfg = Debug|x86
		{C5B3827B-D1C7-432A-AC46-08DB638ED2FE}.Debug|x86.Build.0 = Debug|x86
		{C5B3827B-D1C7-432A-AC46-08DB638ED2FE}.Release|Any CPU.ActiveCfg = Release|x86
		{C5B3827B-D1C7-432A-AC46-08DB638ED2FE}.Release|Mixed Platforms.ActiveCfg = Release|x86
		{C5B3827B-D1C7-432A-AC46-08DB638ED2FE}.Release|Mixed Platforms.Build.0 = Release|x86
		{C5B3827B-D1C7-432A-AC46-08DB638ED2FE}.Release|x86.ActiveCfg = Release|x86
		{C5B3827B-D1C7-432A-AC46-08DB638ED2FE}.Release|x86.Build.0 = Release|x86
		{2911A362-E660-4668-9674-1DD1E1EE44DA}.Debug|Any CPU.ActiveCfg = Debug|Any CPU
		{2911A362-E660-4668-9674-1DD1E1EE44DA}.Debug|Any CPU.Build.0 = Debug|Any CPU
		{2911A362-E660-4668-9674-1DD1E1EE44DA}.Debug|Mixed Platforms.ActiveCfg = Debug|Any CPU
		{2911A362-E660-4668-9674-1DD1E1EE44DA}.Debug|Mixed Platforms.Build.0 = Debug|Any CPU
		{2911A362-E660-4668-9674-1DD1E1EE44DA}.Debug|x86.ActiveCfg = Debug|Any CPU
		{2911A362-E660-4668-9674-1DD1E1EE44DA}.Release|Any CPU.ActiveCfg = Release|Any CPU
		{2911A362-E660-4668-9674-1DD1E1EE44DA}.Release|Any CPU.Build.0 = Release|Any CPU
		{2911A362-E660-4668-9674-1DD1E1EE44DA}.Release|Mixed Platforms.ActiveCfg = Release|Any CPU
		{2911A362-E660-4668-9674-1DD1E1EE44DA}.Release|Mixed Platforms.Build.0 = Release|Any CPU
		{2911A362-E660-4668-9674-1DD1E1EE44DA}.Release|x86.ActiveCfg = Release|Any CPU
	EndGlobalSection
	GlobalSection(SolutionProperties) = preSolution
		HideSolutionNode = FALSE
	EndGlobalSection
EndGlobal
